# This file is automatically @generated by Poetry 1.6.0 and should not be changed by hand.

[[package]]
name = "certifi"
version = "2023.7.22"
description = "Python package for providing Mozilla's CA Bundle."
optional = false
python-versions = ">=3.6"
files = [
    {file = "certifi-2023.7.22-py3-none-any.whl", hash = "sha256:92d6037539857d8206b8f6ae472e8b77db8058fec5937a1ef3f54304089edbb9"},
    {file = "certifi-2023.7.22.tar.gz", hash = "sha256:539cc1d13202e33ca466e88b2807e29f4c13049d6d87031a3c110744495cb082"},
]

[[package]]
name = "charset-normalizer"
version = "3.2.0"
description = "The Real First Universal Charset Detector. Open, modern and actively maintained alternative to Chardet."
optional = false
python-versions = ">=3.7.0"
files = [
    {file = "charset-normalizer-3.2.0.tar.gz", hash = "sha256:3bb3d25a8e6c0aedd251753a79ae98a093c7e7b471faa3aa9a93a81431987ace"},
    {file = "charset_normalizer-3.2.0-cp310-cp310-macosx_10_9_universal2.whl", hash = "sha256:0b87549028f680ca955556e3bd57013ab47474c3124dc069faa0b6545b6c9710"},
    {file = "charset_normalizer-3.2.0-cp310-cp310-macosx_10_9_x86_64.whl", hash = "sha256:7c70087bfee18a42b4040bb9ec1ca15a08242cf5867c58726530bdf3945672ed"},
    {file = "charset_normalizer-3.2.0-cp310-cp310-macosx_11_0_arm64.whl", hash = "sha256:a103b3a7069b62f5d4890ae1b8f0597618f628b286b03d4bc9195230b154bfa9"},
    {file = "charset_normalizer-3.2.0-cp310-cp310-manylinux_2_17_aarch64.manylinux2014_aarch64.whl", hash = "sha256:94aea8eff76ee6d1cdacb07dd2123a68283cb5569e0250feab1240058f53b623"},
    {file = "charset_normalizer-3.2.0-cp310-cp310-manylinux_2_17_ppc64le.manylinux2014_ppc64le.whl", hash = "sha256:db901e2ac34c931d73054d9797383d0f8009991e723dab15109740a63e7f902a"},
    {file = "charset_normalizer-3.2.0-cp310-cp310-manylinux_2_17_s390x.manylinux2014_s390x.whl", hash = "sha256:b0dac0ff919ba34d4df1b6131f59ce95b08b9065233446be7e459f95554c0dc8"},
    {file = "charset_normalizer-3.2.0-cp310-cp310-manylinux_2_17_x86_64.manylinux2014_x86_64.whl", hash = "sha256:193cbc708ea3aca45e7221ae58f0fd63f933753a9bfb498a3b474878f12caaad"},
    {file = "charset_normalizer-3.2.0-cp310-cp310-manylinux_2_5_i686.manylinux1_i686.manylinux_2_17_i686.manylinux2014_i686.whl", hash = "sha256:09393e1b2a9461950b1c9a45d5fd251dc7c6f228acab64da1c9c0165d9c7765c"},
    {file = "charset_normalizer-3.2.0-cp310-cp310-musllinux_1_1_aarch64.whl", hash = "sha256:baacc6aee0b2ef6f3d308e197b5d7a81c0e70b06beae1f1fcacffdbd124fe0e3"},
    {file = "charset_normalizer-3.2.0-cp310-cp310-musllinux_1_1_i686.whl", hash = "sha256:bf420121d4c8dce6b889f0e8e4ec0ca34b7f40186203f06a946fa0276ba54029"},
    {file = "charset_normalizer-3.2.0-cp310-cp310-musllinux_1_1_ppc64le.whl", hash = "sha256:c04a46716adde8d927adb9457bbe39cf473e1e2c2f5d0a16ceb837e5d841ad4f"},
    {file = "charset_normalizer-3.2.0-cp310-cp310-musllinux_1_1_s390x.whl", hash = "sha256:aaf63899c94de41fe3cf934601b0f7ccb6b428c6e4eeb80da72c58eab077b19a"},
    {file = "charset_normalizer-3.2.0-cp310-cp310-musllinux_1_1_x86_64.whl", hash = "sha256:d62e51710986674142526ab9f78663ca2b0726066ae26b78b22e0f5e571238dd"},
    {file = "charset_normalizer-3.2.0-cp310-cp310-win32.whl", hash = "sha256:04e57ab9fbf9607b77f7d057974694b4f6b142da9ed4a199859d9d4d5c63fe96"},
    {file = "charset_normalizer-3.2.0-cp310-cp310-win_amd64.whl", hash = "sha256:48021783bdf96e3d6de03a6e39a1171ed5bd7e8bb93fc84cc649d11490f87cea"},
    {file = "charset_normalizer-3.2.0-cp311-cp311-macosx_10_9_universal2.whl", hash = "sha256:4957669ef390f0e6719db3613ab3a7631e68424604a7b448f079bee145da6e09"},
    {file = "charset_normalizer-3.2.0-cp311-cp311-macosx_10_9_x86_64.whl", hash = "sha256:46fb8c61d794b78ec7134a715a3e564aafc8f6b5e338417cb19fe9f57a5a9bf2"},
    {file = "charset_normalizer-3.2.0-cp311-cp311-macosx_11_0_arm64.whl", hash = "sha256:f779d3ad205f108d14e99bb3859aa7dd8e9c68874617c72354d7ecaec2a054ac"},
    {file = "charset_normalizer-3.2.0-cp311-cp311-manylinux_2_17_aarch64.manylinux2014_aarch64.whl", hash = "sha256:f25c229a6ba38a35ae6e25ca1264621cc25d4d38dca2942a7fce0b67a4efe918"},
    {file = "charset_normalizer-3.2.0-cp311-cp311-manylinux_2_17_ppc64le.manylinux2014_ppc64le.whl", hash = "sha256:2efb1bd13885392adfda4614c33d3b68dee4921fd0ac1d3988f8cbb7d589e72a"},
    {file = "charset_normalizer-3.2.0-cp311-cp311-manylinux_2_17_s390x.manylinux2014_s390x.whl", hash = "sha256:1f30b48dd7fa1474554b0b0f3fdfdd4c13b5c737a3c6284d3cdc424ec0ffff3a"},
    {file = "charset_normalizer-3.2.0-cp311-cp311-manylinux_2_17_x86_64.manylinux2014_x86_64.whl", hash = "sha256:246de67b99b6851627d945db38147d1b209a899311b1305dd84916f2b88526c6"},
    {file = "charset_normalizer-3.2.0-cp311-cp311-manylinux_2_5_i686.manylinux1_i686.manylinux_2_17_i686.manylinux2014_i686.whl", hash = "sha256:9bd9b3b31adcb054116447ea22caa61a285d92e94d710aa5ec97992ff5eb7cf3"},
    {file = "charset_normalizer-3.2.0-cp311-cp311-musllinux_1_1_aarch64.whl", hash = "sha256:8c2f5e83493748286002f9369f3e6607c565a6a90425a3a1fef5ae32a36d749d"},
    {file = "charset_normalizer-3.2.0-cp311-cp311-musllinux_1_1_i686.whl", hash = "sha256:3170c9399da12c9dc66366e9d14da8bf7147e1e9d9ea566067bbce7bb74bd9c2"},
    {file = "charset_normalizer-3.2.0-cp311-cp311-musllinux_1_1_ppc64le.whl", hash = "sha256:7a4826ad2bd6b07ca615c74ab91f32f6c96d08f6fcc3902ceeedaec8cdc3bcd6"},
    {file = "charset_normalizer-3.2.0-cp311-cp311-musllinux_1_1_s390x.whl", hash = "sha256:3b1613dd5aee995ec6d4c69f00378bbd07614702a315a2cf6c1d21461fe17c23"},
    {file = "charset_normalizer-3.2.0-cp311-cp311-musllinux_1_1_x86_64.whl", hash = "sha256:9e608aafdb55eb9f255034709e20d5a83b6d60c054df0802fa9c9883d0a937aa"},
    {file = "charset_normalizer-3.2.0-cp311-cp311-win32.whl", hash = "sha256:f2a1d0fd4242bd8643ce6f98927cf9c04540af6efa92323e9d3124f57727bfc1"},
    {file = "charset_normalizer-3.2.0-cp311-cp311-win_amd64.whl", hash = "sha256:681eb3d7e02e3c3655d1b16059fbfb605ac464c834a0c629048a30fad2b27489"},
    {file = "charset_normalizer-3.2.0-cp37-cp37m-macosx_10_9_x86_64.whl", hash = "sha256:c57921cda3a80d0f2b8aec7e25c8aa14479ea92b5b51b6876d975d925a2ea346"},
    {file = "charset_normalizer-3.2.0-cp37-cp37m-manylinux_2_17_aarch64.manylinux2014_aarch64.whl", hash = "sha256:41b25eaa7d15909cf3ac4c96088c1f266a9a93ec44f87f1d13d4a0e86c81b982"},
    {file = "charset_normalizer-3.2.0-cp37-cp37m-manylinux_2_17_ppc64le.manylinux2014_ppc64le.whl", hash = "sha256:f058f6963fd82eb143c692cecdc89e075fa0828db2e5b291070485390b2f1c9c"},
    {file = "charset_normalizer-3.2.0-cp37-cp37m-manylinux_2_17_s390x.manylinux2014_s390x.whl", hash = "sha256:a7647ebdfb9682b7bb97e2a5e7cb6ae735b1c25008a70b906aecca294ee96cf4"},
    {file = "charset_normalizer-3.2.0-cp37-cp37m-manylinux_2_17_x86_64.manylinux2014_x86_64.whl", hash = "sha256:eef9df1eefada2c09a5e7a40991b9fc6ac6ef20b1372abd48d2794a316dc0449"},
    {file = "charset_normalizer-3.2.0-cp37-cp37m-manylinux_2_5_i686.manylinux1_i686.manylinux_2_17_i686.manylinux2014_i686.whl", hash = "sha256:e03b8895a6990c9ab2cdcd0f2fe44088ca1c65ae592b8f795c3294af00a461c3"},
    {file = "charset_normalizer-3.2.0-cp37-cp37m-musllinux_1_1_aarch64.whl", hash = "sha256:ee4006268ed33370957f55bf2e6f4d263eaf4dc3cfc473d1d90baff6ed36ce4a"},
    {file = "charset_normalizer-3.2.0-cp37-cp37m-musllinux_1_1_i686.whl", hash = "sha256:c4983bf937209c57240cff65906b18bb35e64ae872da6a0db937d7b4af845dd7"},
    {file = "charset_normalizer-3.2.0-cp37-cp37m-musllinux_1_1_ppc64le.whl", hash = "sha256:3bb7fda7260735efe66d5107fb7e6af6a7c04c7fce9b2514e04b7a74b06bf5dd"},
    {file = "charset_normalizer-3.2.0-cp37-cp37m-musllinux_1_1_s390x.whl", hash = "sha256:72814c01533f51d68702802d74f77ea026b5ec52793c791e2da806a3844a46c3"},
    {file = "charset_normalizer-3.2.0-cp37-cp37m-musllinux_1_1_x86_64.whl", hash = "sha256:70c610f6cbe4b9fce272c407dd9d07e33e6bf7b4aa1b7ffb6f6ded8e634e3592"},
    {file = "charset_normalizer-3.2.0-cp37-cp37m-win32.whl", hash = "sha256:a401b4598e5d3f4a9a811f3daf42ee2291790c7f9d74b18d75d6e21dda98a1a1"},
    {file = "charset_normalizer-3.2.0-cp37-cp37m-win_amd64.whl", hash = "sha256:c0b21078a4b56965e2b12f247467b234734491897e99c1d51cee628da9786959"},
    {file = "charset_normalizer-3.2.0-cp38-cp38-macosx_10_9_universal2.whl", hash = "sha256:95eb302ff792e12aba9a8b8f8474ab229a83c103d74a750ec0bd1c1eea32e669"},
    {file = "charset_normalizer-3.2.0-cp38-cp38-macosx_10_9_x86_64.whl", hash = "sha256:1a100c6d595a7f316f1b6f01d20815d916e75ff98c27a01ae817439ea7726329"},
    {file = "charset_normalizer-3.2.0-cp38-cp38-macosx_11_0_arm64.whl", hash = "sha256:6339d047dab2780cc6220f46306628e04d9750f02f983ddb37439ca47ced7149"},
    {file = "charset_normalizer-3.2.0-cp38-cp38-manylinux_2_17_aarch64.manylinux2014_aarch64.whl", hash = "sha256:e4b749b9cc6ee664a3300bb3a273c1ca8068c46be705b6c31cf5d276f8628a94"},
    {file = "charset_normalizer-3.2.0-cp38-cp38-manylinux_2_17_ppc64le.manylinux2014_ppc64le.whl", hash = "sha256:a38856a971c602f98472050165cea2cdc97709240373041b69030be15047691f"},
    {file = "charset_normalizer-3.2.0-cp38-cp38-manylinux_2_17_s390x.manylinux2014_s390x.whl", hash = "sha256:f87f746ee241d30d6ed93969de31e5ffd09a2961a051e60ae6bddde9ec3583aa"},
    {file = "charset_normalizer-3.2.0-cp38-cp38-manylinux_2_17_x86_64.manylinux2014_x86_64.whl", hash = "sha256:89f1b185a01fe560bc8ae5f619e924407efca2191b56ce749ec84982fc59a32a"},
    {file = "charset_normalizer-3.2.0-cp38-cp38-manylinux_2_5_i686.manylinux1_i686.manylinux_2_17_i686.manylinux2014_i686.whl", hash = "sha256:e1c8a2f4c69e08e89632defbfabec2feb8a8d99edc9f89ce33c4b9e36ab63037"},
    {file = "charset_normalizer-3.2.0-cp38-cp38-musllinux_1_1_aarch64.whl", hash = "sha256:2f4ac36d8e2b4cc1aa71df3dd84ff8efbe3bfb97ac41242fbcfc053c67434f46"},
    {file = "charset_normalizer-3.2.0-cp38-cp38-musllinux_1_1_i686.whl", hash = "sha256:a386ebe437176aab38c041de1260cd3ea459c6ce5263594399880bbc398225b2"},
    {file = "charset_normalizer-3.2.0-cp38-cp38-musllinux_1_1_ppc64le.whl", hash = "sha256:ccd16eb18a849fd8dcb23e23380e2f0a354e8daa0c984b8a732d9cfaba3a776d"},
    {file = "charset_normalizer-3.2.0-cp38-cp38-musllinux_1_1_s390x.whl", hash = "sha256:e6a5bf2cba5ae1bb80b154ed68a3cfa2fa00fde979a7f50d6598d3e17d9ac20c"},
    {file = "charset_normalizer-3.2.0-cp38-cp38-musllinux_1_1_x86_64.whl", hash = "sha256:45de3f87179c1823e6d9e32156fb14c1927fcc9aba21433f088fdfb555b77c10"},
    {file = "charset_normalizer-3.2.0-cp38-cp38-win32.whl", hash = "sha256:1000fba1057b92a65daec275aec30586c3de2401ccdcd41f8a5c1e2c87078706"},
    {file = "charset_normalizer-3.2.0-cp38-cp38-win_amd64.whl", hash = "sha256:8b2c760cfc7042b27ebdb4a43a4453bd829a5742503599144d54a032c5dc7e9e"},
    {file = "charset_normalizer-3.2.0-cp39-cp39-macosx_10_9_universal2.whl", hash = "sha256:855eafa5d5a2034b4621c74925d89c5efef61418570e5ef9b37717d9c796419c"},
    {file = "charset_normalizer-3.2.0-cp39-cp39-macosx_10_9_x86_64.whl", hash = "sha256:203f0c8871d5a7987be20c72442488a0b8cfd0f43b7973771640fc593f56321f"},
    {file = "charset_normalizer-3.2.0-cp39-cp39-macosx_11_0_arm64.whl", hash = "sha256:e857a2232ba53ae940d3456f7533ce6ca98b81917d47adc3c7fd55dad8fab858"},
    {file = "charset_normalizer-3.2.0-cp39-cp39-manylinux_2_17_aarch64.manylinux2014_aarch64.whl", hash = "sha256:5e86d77b090dbddbe78867a0275cb4df08ea195e660f1f7f13435a4649e954e5"},
    {file = "charset_normalizer-3.2.0-cp39-cp39-manylinux_2_17_ppc64le.manylinux2014_ppc64le.whl", hash = "sha256:c4fb39a81950ec280984b3a44f5bd12819953dc5fa3a7e6fa7a80db5ee853952"},
    {file = "charset_normalizer-3.2.0-cp39-cp39-manylinux_2_17_s390x.manylinux2014_s390x.whl", hash = "sha256:2dee8e57f052ef5353cf608e0b4c871aee320dd1b87d351c28764fc0ca55f9f4"},
    {file = "charset_normalizer-3.2.0-cp39-cp39-manylinux_2_17_x86_64.manylinux2014_x86_64.whl", hash = "sha256:8700f06d0ce6f128de3ccdbc1acaea1ee264d2caa9ca05daaf492fde7c2a7200"},
    {file = "charset_normalizer-3.2.0-cp39-cp39-manylinux_2_5_i686.manylinux1_i686.manylinux_2_17_i686.manylinux2014_i686.whl", hash = "sha256:1920d4ff15ce893210c1f0c0e9d19bfbecb7983c76b33f046c13a8ffbd570252"},
    {file = "charset_normalizer-3.2.0-cp39-cp39-musllinux_1_1_aarch64.whl", hash = "sha256:c1c76a1743432b4b60ab3358c937a3fe1341c828ae6194108a94c69028247f22"},
    {file = "charset_normalizer-3.2.0-cp39-cp39-musllinux_1_1_i686.whl", hash = "sha256:f7560358a6811e52e9c4d142d497f1a6e10103d3a6881f18d04dbce3729c0e2c"},
    {file = "charset_normalizer-3.2.0-cp39-cp39-musllinux_1_1_ppc64le.whl", hash = "sha256:c8063cf17b19661471ecbdb3df1c84f24ad2e389e326ccaf89e3fb2484d8dd7e"},
    {file = "charset_normalizer-3.2.0-cp39-cp39-musllinux_1_1_s390x.whl", hash = "sha256:cd6dbe0238f7743d0efe563ab46294f54f9bc8f4b9bcf57c3c666cc5bc9d1299"},
    {file = "charset_normalizer-3.2.0-cp39-cp39-musllinux_1_1_x86_64.whl", hash = "sha256:1249cbbf3d3b04902ff081ffbb33ce3377fa6e4c7356f759f3cd076cc138d020"},
    {file = "charset_normalizer-3.2.0-cp39-cp39-win32.whl", hash = "sha256:6c409c0deba34f147f77efaa67b8e4bb83d2f11c8806405f76397ae5b8c0d1c9"},
    {file = "charset_normalizer-3.2.0-cp39-cp39-win_amd64.whl", hash = "sha256:7095f6fbfaa55defb6b733cfeb14efaae7a29f0b59d8cf213be4e7ca0b857b80"},
    {file = "charset_normalizer-3.2.0-py3-none-any.whl", hash = "sha256:8e098148dd37b4ce3baca71fb394c81dc5d9c7728c95df695d2dca218edf40e6"},
]

[[package]]
name = "idna"
version = "3.4"
description = "Internationalized Domain Names in Applications (IDNA)"
optional = false
python-versions = ">=3.5"
files = [
    {file = "idna-3.4-py3-none-any.whl", hash = "sha256:90b77e79eaa3eba6de819a0c442c0b4ceefc341a7a2ab77d7562bf49f425c5c2"},
    {file = "idna-3.4.tar.gz", hash = "sha256:814f528e8dead7d329833b91c5faa87d60bf71824cd12a7530b5526063d02cb4"},
]

[[package]]
name = "requests"
version = "2.31.0"
description = "Python HTTP for Humans."
optional = false
python-versions = ">=3.7"
files = [
    {file = "requests-2.31.0-py3-none-any.whl", hash = "sha256:58cd2187c01e70e6e26505bca751777aa9f2ee0b7f4300988b709f44e013003f"},
    {file = "requests-2.31.0.tar.gz", hash = "sha256:942c5a758f98d790eaed1a29cb6eefc7ffb0d1cf7af05c3d2791656dbd6ad1e1"},
]

[package.dependencies]
certifi = ">=2017.4.17"
charset-normalizer = ">=2,<4"
idna = ">=2.5,<4"
urllib3 = ">=1.21.1,<3"

[package.extras]
socks = ["PySocks (>=1.5.6,!=1.5.7)"]
use-chardet-on-py3 = ["chardet (>=3.0.2,<6)"]

[[package]]
name = "selectolax"
version = "0.3.16"
description = "Fast HTML5 parser with CSS selectors."
optional = false
python-versions = "*"
files = [
    {file = "selectolax-0.3.16-cp310-cp310-macosx_10_9_universal2.whl", hash = "sha256:0b831765dd63c78c5999b67256d0c54a1f26d02805213e2fd66ed875d4cbc087"},
    {file = "selectolax-0.3.16-cp310-cp310-macosx_10_9_x86_64.whl", hash = "sha256:d1bc955aa72c1f56233cdd5fb6e27de4b67dfaa3ed2e1baf5ec2ad6d000be926"},
    {file = "selectolax-0.3.16-cp310-cp310-manylinux_2_17_aarch64.manylinux2014_aarch64.whl", hash = "sha256:4e28a56a7140b6ddb42c503406c3091d606ea665242a383045aed12b51348800"},
    {file = "selectolax-0.3.16-cp310-cp310-manylinux_2_17_x86_64.manylinux2014_x86_64.whl", hash = "sha256:9c5efdc015076db362d65f70c1cc63eb195bb064385608804feab200e496a95d"},
    {file = "selectolax-0.3.16-cp310-cp310-manylinux_2_5_i686.manylinux1_i686.manylinux_2_17_i686.manylinux2014_i686.whl", hash = "sha256:7eea3886ac9ea653173c1f04a1125f8821ba1f1838b9d21bce50b68b82ae2dbb"},
    {file = "selectolax-0.3.16-cp310-cp310-musllinux_1_1_aarch64.whl", hash = "sha256:c32042a21f98bc52a95a571cad7d6d47291dc2a20a50ac37c4d004ed287cd470"},
    {file = "selectolax-0.3.16-cp310-cp310-musllinux_1_1_i686.whl", hash = "sha256:426fcc523084a8deedfd07acc4d50352ac41a5eb3bdb7f3be522bf6751e31f2f"},
    {file = "selectolax-0.3.16-cp310-cp310-musllinux_1_1_x86_64.whl", hash = "sha256:d66d82dfafaacceb9d12cae7a98b9ce054823f778d1905f3b9a7e3e3cfeeff35"},
    {file = "selectolax-0.3.16-cp310-cp310-win32.whl", hash = "sha256:e30b890dc08343d1a1b6103c7d147811b85f9ceb051229daf06dbee1ba75df08"},
    {file = "selectolax-0.3.16-cp310-cp310-win_amd64.whl", hash = "sha256:db5601085750ac3aa359108420c8fd3b700f1f4a7d132dced35091e19363c149"},
    {file = "selectolax-0.3.16-cp311-cp311-macosx_10_9_universal2.whl", hash = "sha256:552f3828e746ec249d7a530993a86b21b68826e617a0be8978f6d49d9e2880f8"},
    {file = "selectolax-0.3.16-cp311-cp311-macosx_10_9_x86_64.whl", hash = "sha256:fb66bc1deadbdb324a2ac78d7e2c3aea84bf1181f2fa1bc2371751568152256f"},
    {file = "selectolax-0.3.16-cp311-cp311-manylinux_2_17_aarch64.manylinux2014_aarch64.whl", hash = "sha256:8f20c5c1661809a51ab8c2e6a675d6826bb1aec0b2e08d2f72bef046311f8bc3"},
    {file = "selectolax-0.3.16-cp311-cp311-manylinux_2_17_x86_64.manylinux2014_x86_64.whl", hash = "sha256:6fd48cabbe9308d54d786614137ca5f1c10c8cd3d68f924c631f97945e04a1df"},
    {file = "selectolax-0.3.16-cp311-cp311-manylinux_2_5_i686.manylinux1_i686.manylinux_2_17_i686.manylinux2014_i686.whl", hash = "sha256:02606d23e1629fa473b03db91d3f88f2cfbeb106a1b104f6cd42b3b2f484d9e1"},
    {file = "selectolax-0.3.16-cp311-cp311-musllinux_1_1_aarch64.whl", hash = "sha256:de578d3f95a6d93d236610afceb55d6dfeac61f75dc9ffe5512d29c2b9f890e4"},
    {file = "selectolax-0.3.16-cp311-cp311-musllinux_1_1_i686.whl", hash = "sha256:5d1b6ae37a6c7825c9ad9cad306fd34ea6f06904da8ea11a51e89f716e86b9b1"},
    {file = "selectolax-0.3.16-cp311-cp311-musllinux_1_1_x86_64.whl", hash = "sha256:7e430a159f0a27c67853b7f99362570b17df8654078a345f298cd379f5449d2d"},
    {file = "selectolax-0.3.16-cp311-cp311-win32.whl", hash = "sha256:7976f0647a85b5da542e85cb8205eb2049936b6f2f80372aeb44cde8b3d8c451"},
    {file = "selectolax-0.3.16-cp311-cp311-win_amd64.whl", hash = "sha256:95b1884a37de2d65cfd38876b85e63636b83addf95d125c12b7b030e42ac5a43"},
    {file = "selectolax-0.3.16-cp36-cp36m-macosx_10_9_x86_64.whl", hash = "sha256:0c8fbf43248f199006c957285ff917cd73b1c06ca8e40895527739dd2058f29e"},
    {file = "selectolax-0.3.16-cp36-cp36m-manylinux_2_17_x86_64.manylinux2014_x86_64.whl", hash = "sha256:2fcf1cb5225d7aba9595c35836098ead1e4abcc9de31ad66789d8da32fa0295c"},
    {file = "selectolax-0.3.16-cp36-cp36m-manylinux_2_5_i686.manylinux1_i686.manylinux_2_17_i686.manylinux2014_i686.whl", hash = "sha256:fa8e3534cc1caf2e3553fcf5f160668db4923a1435bfad0c2bf64b6b760e1989"},
    {file = "selectolax-0.3.16-cp36-cp36m-musllinux_1_1_i686.whl", hash = "sha256:04c6fc2b2316ca17da3e1a35f80609d5df49c6960350fc00e29357cc03387933"},
    {file = "selectolax-0.3.16-cp36-cp36m-musllinux_1_1_x86_64.whl", hash = "sha256:9c297cf29a809e8b5de91d3a4d44092f1af8257fdf81d55cb039d6bfceb93d6c"},
    {file = "selectolax-0.3.16-cp36-cp36m-win32.whl", hash = "sha256:1095f9c5bd86fa4752c0e68a57ce85e977ca68ec1e474806a0917ffb6641b43a"},
    {file = "selectolax-0.3.16-cp36-cp36m-win_amd64.whl", hash = "sha256:cb2fc31a9ed08a936be9043e73b11b1d55ac8969d8b3ec09e91cc7cfec06add4"},
    {file = "selectolax-0.3.16-cp37-cp37m-macosx_10_9_x86_64.whl", hash = "sha256:7494d2f2005064c0dab260682e91019481af90a34c5922f23a1311866cbe58bb"},
    {file = "selectolax-0.3.16-cp37-cp37m-manylinux_2_17_aarch64.manylinux2014_aarch64.whl", hash = "sha256:970492b35efec63bd987aed8821aaa40ec9ecad779c77fa2d404b9c921ed5d85"},
    {file = "selectolax-0.3.16-cp37-cp37m-manylinux_2_17_x86_64.manylinux2014_x86_64.whl", hash = "sha256:cbfd9acd3a1facfabf6d501275b9079c17907225742d87bdb66ac47ca566c205"},
    {file = "selectolax-0.3.16-cp37-cp37m-manylinux_2_5_i686.manylinux1_i686.manylinux_2_17_i686.manylinux2014_i686.whl", hash = "sha256:3f33e6da62943c3a592670ae771d3b9c4f645b4a24682191ee964439997a71b0"},
    {file = "selectolax-0.3.16-cp37-cp37m-musllinux_1_1_aarch64.whl", hash = "sha256:4245c0d0280417d234c17b609a9cb0f902b4834e88a7ec0a9a712962623f440d"},
    {file = "selectolax-0.3.16-cp37-cp37m-musllinux_1_1_i686.whl", hash = "sha256:f75685884ceaf81e3e55d27b27aa41973dc713eb0e1594ee47e6482e9143bd8f"},
    {file = "selectolax-0.3.16-cp37-cp37m-musllinux_1_1_x86_64.whl", hash = "sha256:e76ab08b71fa86507aac2f3554d34ce138cb2d14609cfdc3bbf9244bd4b48ece"},
    {file = "selectolax-0.3.16-cp37-cp37m-win32.whl", hash = "sha256:5fd00d00533cbcfb4d5c1d85b9e495ce11cae2aa39ef20e1c948777e3d7aa7d4"},
    {file = "selectolax-0.3.16-cp37-cp37m-win_amd64.whl", hash = "sha256:1c92cefa9fcb42c2dbb99c6846d3d0976caf66be5ba36d0a453626172eb9cbbf"},
    {file = "selectolax-0.3.16-cp38-cp38-macosx_10_9_universal2.whl", hash = "sha256:81d7d337bef098d6290169af5c17a5481ee19878511b743562fcfb6d5cc1f993"},
    {file = "selectolax-0.3.16-cp38-cp38-macosx_10_9_x86_64.whl", hash = "sha256:1c541a67e0b487c9749265e4d5647d7de4f5dfc5a8e80f2ca235e5858a8d1f14"},
    {file = "selectolax-0.3.16-cp38-cp38-manylinux_2_17_aarch64.manylinux2014_aarch64.whl", hash = "sha256:ca37263a05a9d71968e7209e38246858a8da382aeddc2ae78c7c23fdf9ce35e2"},
    {file = "selectolax-0.3.16-cp38-cp38-manylinux_2_17_x86_64.manylinux2014_x86_64.whl", hash = "sha256:42af8f6e2c45b2ebd2a6587b6e4545db70394c5124093fe4a87259fc826bf936"},
    {file = "selectolax-0.3.16-cp38-cp38-manylinux_2_5_i686.manylinux1_i686.manylinux_2_17_i686.manylinux2014_i686.whl", hash = "sha256:4058df7350e381afdc14a1abce489140046311b0987945a0510fa7f8f39f1915"},
    {file = "selectolax-0.3.16-cp38-cp38-musllinux_1_1_aarch64.whl", hash = "sha256:f78bbc7488d5c1d3a665d829827dadb3c92eb122e461e2d5faef3df3f6ebcf72"},
    {file = "selectolax-0.3.16-cp38-cp38-musllinux_1_1_i686.whl", hash = "sha256:27d5faf36ccd494488e5e8edf3a983f16b211faf29057c34d179ad6eb31bba59"},
    {file = "selectolax-0.3.16-cp38-cp38-musllinux_1_1_x86_64.whl", hash = "sha256:f6b015e40252636580ae2289359232c7e45f838b7f9d529c66cf5b0311f9b1d6"},
    {file = "selectolax-0.3.16-cp38-cp38-win32.whl", hash = "sha256:c1d2d9e64488d7fe7e5a58566f42eca0bb9a5e73ea10838badee1f1792e9c860"},
    {file = "selectolax-0.3.16-cp38-cp38-win_amd64.whl", hash = "sha256:6923fa51dd4d4fd313c40779ed8adb3a33f04239854e2e42ed8dcdcc4e71aafe"},
    {file = "selectolax-0.3.16-cp39-cp39-macosx_10_9_universal2.whl", hash = "sha256:ef23fdb2e75934b3cbd9044bc2d17c31b012d6a4d073c35f9742cc93be334bb0"},
    {file = "selectolax-0.3.16-cp39-cp39-macosx_10_9_x86_64.whl", hash = "sha256:b4cca0a7b7b7ff989ccd5ba1dc69a74f8ab5f395fb7d910b070ab2fa8062f899"},
    {file = "selectolax-0.3.16-cp39-cp39-manylinux_2_17_aarch64.manylinux2014_aarch64.whl", hash = "sha256:d4d0c8a91418944cd4718bbb8580dbd9056d3c5edde48adf4a702441d80c97b5"},
    {file = "selectolax-0.3.16-cp39-cp39-manylinux_2_17_x86_64.manylinux2014_x86_64.whl", hash = "sha256:765fff018ff576a16b5e8063b0964ca1b71e5b89900268fca7fc819957f5729f"},
    {file = "selectolax-0.3.16-cp39-cp39-manylinux_2_5_i686.manylinux1_i686.manylinux_2_17_i686.manylinux2014_i686.whl", hash = "sha256:69fa5d5e13cac8415ff08d859b87240492cd00aa25efe1ab79e8094e327f3cd3"},
    {file = "selectolax-0.3.16-cp39-cp39-musllinux_1_1_aarch64.whl", hash = "sha256:d7f382b431b1398bca9769b1c8cdacdded95f6bfd3437cc7dc20df92f80f4902"},
    {file = "selectolax-0.3.16-cp39-cp39-musllinux_1_1_i686.whl", hash = "sha256:e07ac60f4142010c857b96434d58818900b6506db8a820baa1213a4e3b8d0137"},
    {file = "selectolax-0.3.16-cp39-cp39-musllinux_1_1_x86_64.whl", hash = "sha256:81fc745f7df103e4a51a79a369de1891a709fb853b86021cbe89edd04e2220c0"},
    {file = "selectolax-0.3.16-cp39-cp39-win32.whl", hash = "sha256:74699440dc412b5e9105bd50bdf53f8acfd3380b4c9030534e4e727693ddcdbd"},
    {file = "selectolax-0.3.16-cp39-cp39-win_amd64.whl", hash = "sha256:3c06384bc2acba9a4fa0e4a24cff610e71f3225db738dda7d369c6ddf90679b8"},
    {file = "selectolax-0.3.16.tar.gz", hash = "sha256:96f5a11c24658aa59ad8f49069be2f00e93b1bd0ab951dfc4c896f87ddf4f3db"},
]

[package.extras]
cython = ["Cython (==0.29.36)"]

[[package]]
name = "urllib3"
version = "2.0.4"
description = "HTTP library with thread-safe connection pooling, file post, and more."
optional = false
python-versions = ">=3.7"
files = [
    {file = "urllib3-2.0.4-py3-none-any.whl", hash = "sha256:de7df1803967d2c2a98e4b11bb7d6bd9210474c46e8a0401514e3a42a75ebde4"},
    {file = "urllib3-2.0.4.tar.gz", hash = "sha256:8d22f86aae8ef5e410d4f539fde9ce6b2113a001bb4d189e0aed70642d602b11"},
]

[package.extras]
brotli = ["brotli (>=1.0.9)", "brotlicffi (>=0.8.0)"]
secure = ["certifi", "cryptography (>=1.9)", "idna (>=2.0.0)", "pyopenssl (>=17.1.0)", "urllib3-secure-extra"]
socks = ["pysocks (>=1.5.6,!=1.5.7,<2.0)"]
zstd = ["zstandard (>=0.18.0)"]

[metadata]
lock-version = "2.0"
python-versions = "^3.11"
content-hash = "50778f5a5c35700b3c8795a2b7618b17218669ebbbe7b78ee1093be9ba80c538"
